PODS:
  - Alamofire (4.8.2)
  - FSCalendar (2.8.4)
  - IQKeyboardManagerSwift (6.5.10)
  - KRActivityIndicatorView (3.0.7)
  - KRProgressHUD (3.4.7):
    - KRActivityIndicatorView (= 3.0.7)
  - SDWebImage (5.13.4):
    - SDWebImage/Core (= 5.13.4)
  - SDWebImage/Core (5.13.4)
  - SwiftyJSON (5.0.1)
  - XLPagerTabStrip (9.0.0)

DEPENDENCIES:
  - Alamofire (~> 4.8.0)
  - FSCalendar
  - IQKeyboardManagerSwift
  - KRProgressHUD
  - SDWebImage
  - SwiftyJSON
  - XLPagerTabStrip

SPEC REPOS:
  trunk:
    - Alamofire
    - FSCalendar
    - IQKeyboardManagerSwift
    - KRActivityIndicatorView
    - KRProgressHUD
    - SDWebImage
    - SwiftyJSON
    - XLPagerTabStrip

SPEC CHECKSUMS:
  Alamofire: ae5c501addb7afdbb13687d7f2f722c78734c2d3
  FSCalendar: 2d1d0d9398f12d439f55c1fe0f01525b151b8260
  IQKeyboardManagerSwift: 52962c76ab33532f15ad9f3ff4e5715eda5335bb
  KRActivityIndicatorView: ad69e89c4ce40c986cf580595be4829dcad0e35a
  KRProgressHUD: a248f0bc6c9c2aed40a37b76e03ffecc7f85c887
  SDWebImage: e5cc87bf736e60f49592f307bdf9e157189298a3
  SwiftyJSON: 2f33a42c6fbc52764d96f13368585094bfd8aa5e
  XLPagerTabStrip: 61c57fd61f611ee5f01ff1495ad6fbee8bf496c5

PODFILE CHECKSUM: 32d3ebcd368fd6cb97afcf5e3f78d3c7787df46d

COCOAPODS: 1.11.3
