// !$*UTF8*$!
{
	archiveVersion = 1;
	classes = {
	};
	objectVersion = 55;
	objects = {

/* Begin PBXBuildFile section */
		0402DE1E28EF8F1B0087075B /* HistoryTennisViewController.swift in Sources */ = {isa = PBXBuildFile; fileRef = 0402DE1D28EF8F1B0087075B /* HistoryTennisViewController.swift */; };
		040CEDC328CA41DA0056D787 /* NewsViewController.swift in Sources */ = {isa = PBXBuildFile; fileRef = 040CEDC228CA41DA0056D787 /* NewsViewController.swift */; };
		040CEDC528CA45B40056D787 /* NewsDatailViewController.swift in Sources */ = {isa = PBXBuildFile; fileRef = 040CEDC428CA45B40056D787 /* NewsDatailViewController.swift */; };
		047D76D428C697FF00729FF7 /* AppDelegate.swift in Sources */ = {isa = PBXBuildFile; fileRef = 047D76D328C697FF00729FF7 /* AppDelegate.swift */; };
		047D76D628C697FF00729FF7 /* SceneDelegate.swift in Sources */ = {isa = PBXBuildFile; fileRef = 047D76D528C697FF00729FF7 /* SceneDelegate.swift */; };
		047D76D828C697FF00729FF7 /* HistoryViewController.swift in Sources */ = {isa = PBXBuildFile; fileRef = 047D76D728C697FF00729FF7 /* HistoryViewController.swift */; };
		047D76DB28C697FF00729FF7 /* Main.storyboard in Resources */ = {isa = PBXBuildFile; fileRef = 047D76D928C697FF00729FF7 /* Main.storyboard */; };
		047D76DD28C6980100729FF7 /* Assets.xcassets in Resources */ = {isa = PBXBuildFile; fileRef = 047D76DC28C6980100729FF7 /* Assets.xcassets */; };
		047D76E028C6980100729FF7 /* LaunchScreen.storyboard in Resources */ = {isa = PBXBuildFile; fileRef = 047D76DE28C6980100729FF7 /* LaunchScreen.storyboard */; };
		047D76E828C69BF900729FF7 /* HomeViewController.swift in Sources */ = {isa = PBXBuildFile; fileRef = 047D76E728C69BF900729FF7 /* HomeViewController.swift */; };
		0484373928F0D085007C2614 /* TennisBetViewController.swift in Sources */ = {isa = PBXBuildFile; fileRef = 0484373828F0D085007C2614 /* TennisBetViewController.swift */; };
		04852EA228CA5C7700731DC1 /* NotesViewController.swift in Sources */ = {isa = PBXBuildFile; fileRef = 04852EA128CA5C7700731DC1 /* NotesViewController.swift */; };
		048D769928CA33E800FF1914 /* BetViewController.swift in Sources */ = {isa = PBXBuildFile; fileRef = 048D769828CA33E800FF1914 /* BetViewController.swift */; };
		04967D8228EE33D700E1B2EF /* NewsTennisViewController.swift in Sources */ = {isa = PBXBuildFile; fileRef = 04967D8128EE33D700E1B2EF /* NewsTennisViewController.swift */; };
		04967D8428EE367900E1B2EF /* CompositionalLayoutE.swift in Sources */ = {isa = PBXBuildFile; fileRef = 04967D8328EE367900E1B2EF /* CompositionalLayoutE.swift */; };
		04967D8628EE3D9D00E1B2EF /* CompositionalLayout.swift in Sources */ = {isa = PBXBuildFile; fileRef = 04967D8528EE3D9D00E1B2EF /* CompositionalLayout.swift */; };
		04A14CC628EF7E7300032F08 /* TennisDetailViewController.swift in Sources */ = {isa = PBXBuildFile; fileRef = 04A14CC528EF7E7300032F08 /* TennisDetailViewController.swift */; };
		04A14CC828EF867D00032F08 /* TennisMatchViewController.swift in Sources */ = {isa = PBXBuildFile; fileRef = 04A14CC728EF867D00032F08 /* TennisMatchViewController.swift */; };
		04BC384228C7FB3F000EA3FD /* BetsVC.swift in Sources */ = {isa = PBXBuildFile; fileRef = 04BC384128C7FB3F000EA3FD /* BetsVC.swift */; };
		04D171F128CA90E9006FE092 /* StaticsViewController.swift in Sources */ = {isa = PBXBuildFile; fileRef = 04D171F028CA90E9006FE092 /* StaticsViewController.swift */; };
		4E4261CB23806566C25C471C /* Pods_womenhockey.framework in Frameworks */ = {isa = PBXBuildFile; fileRef = B700E42021B0097DC86C46AD /* Pods_womenhockey.framework */; };
		F83F161728CCF3F3005653F1 /* Configuration.swift in Sources */ = {isa = PBXBuildFile; fileRef = F83F161628CCF3F3005653F1 /* Configuration.swift */; };
		F845BFA028CE149500B2AAEC /* Home.swift in Sources */ = {isa = PBXBuildFile; fileRef = F845BF9F28CE149500B2AAEC /* Home.swift */; };
		F845BFA328CE1A5C00B2AAEC /* HomeCollectionViewCell.swift in Sources */ = {isa = PBXBuildFile; fileRef = F845BFA228CE1A5C00B2AAEC /* HomeCollectionViewCell.swift */; };
		F845BFA528CE1C8800B2AAEC /* SideMenuVC.swift in Sources */ = {isa = PBXBuildFile; fileRef = F845BFA428CE1C8800B2AAEC /* SideMenuVC.swift */; };
		F845BFA928CE201100B2AAEC /* HistoryTableViewCell.swift in Sources */ = {isa = PBXBuildFile; fileRef = F845BFA828CE201100B2AAEC /* HistoryTableViewCell.swift */; };
		F8BE54C528CF956D00B74806 /* CalendarViewController.swift in Sources */ = {isa = PBXBuildFile; fileRef = F8BE54C428CF956D00B74806 /* CalendarViewController.swift */; };
		F8BE54C728CFC47200B74806 /* MyBetMainVC.swift in Sources */ = {isa = PBXBuildFile; fileRef = F8BE54C628CFC47200B74806 /* MyBetMainVC.swift */; };
		F8BE54C928CFC55000B74806 /* MyBetsViewController.swift in Sources */ = {isa = PBXBuildFile; fileRef = F8BE54C828CFC55000B74806 /* MyBetsViewController.swift */; };
		F8E02BE228CE6022005F03DA /* NotesCell.swift in Sources */ = {isa = PBXBuildFile; fileRef = F8E02BE128CE6022005F03DA /* NotesCell.swift */; };
		F8E02BE628CE857E005F03DA /* NewsTableViewCell.swift in Sources */ = {isa = PBXBuildFile; fileRef = F8E02BE528CE857E005F03DA /* NewsTableViewCell.swift */; };
		F8E02BED28CE8AEB005F03DA /* LLPIXEL3.ttf in Resources */ = {isa = PBXBuildFile; fileRef = F8E02BE828CE8AEB005F03DA /* LLPIXEL3.ttf */; };
		F8E02BEE28CE8AEB005F03DA /* GameViewController.swift in Sources */ = {isa = PBXBuildFile; fileRef = F8E02BE928CE8AEB005F03DA /* GameViewController.swift */; };
		F8E02BEF28CE8AEB005F03DA /* GameScene.swift in Sources */ = {isa = PBXBuildFile; fileRef = F8E02BEA28CE8AEB005F03DA /* GameScene.swift */; };
		F8E02BF028CE8AEB005F03DA /* Actions.sks in Resources */ = {isa = PBXBuildFile; fileRef = F8E02BEB28CE8AEB005F03DA /* Actions.sks */; };
		F8E02BF128CE8AEB005F03DA /* GameScene.sks in Resources */ = {isa = PBXBuildFile; fileRef = F8E02BEC28CE8AEB005F03DA /* GameScene.sks */; };
/* End PBXBuildFile section */

/* Begin PBXFileReference section */
		0402DE1D28EF8F1B0087075B /* HistoryTennisViewController.swift */ = {isa = PBXFileReference; lastKnownFileType = sourcecode.swift; path = HistoryTennisViewController.swift; sourceTree = "<group>"; };
		040CEDC228CA41DA0056D787 /* NewsViewController.swift */ = {isa = PBXFileReference; lastKnownFileType = sourcecode.swift; path = NewsViewController.swift; sourceTree = "<group>"; };
		040CEDC428CA45B40056D787 /* NewsDatailViewController.swift */ = {isa = PBXFileReference; lastKnownFileType = sourcecode.swift; path = NewsDatailViewController.swift; sourceTree = "<group>"; };
		047D76D028C697FF00729FF7 /* womenhockey.app */ = {isa = PBXFileReference; explicitFileType = wrapper.application; includeInIndex = 0; path = womenhockey.app; sourceTree = BUILT_PRODUCTS_DIR; };
		047D76D328C697FF00729FF7 /* AppDelegate.swift */ = {isa = PBXFileReference; lastKnownFileType = sourcecode.swift; path = AppDelegate.swift; sourceTree = "<group>"; };
		047D76D528C697FF00729FF7 /* SceneDelegate.swift */ = {isa = PBXFileReference; lastKnownFileType = sourcecode.swift; path = SceneDelegate.swift; sourceTree = "<group>"; };
		047D76D728C697FF00729FF7 /* HistoryViewController.swift */ = {isa = PBXFileReference; lastKnownFileType = sourcecode.swift; path = HistoryViewController.swift; sourceTree = "<group>"; };
		047D76DA28C697FF00729FF7 /* Base */ = {isa = PBXFileReference; lastKnownFileType = file.storyboard; name = Base; path = Base.lproj/Main.storyboard; sourceTree = "<group>"; };
		047D76DC28C6980100729FF7 /* Assets.xcassets */ = {isa = PBXFileReference; lastKnownFileType = folder.assetcatalog; path = Assets.xcassets; sourceTree = "<group>"; };
		047D76DF28C6980100729FF7 /* Base */ = {isa = PBXFileReference; lastKnownFileType = file.storyboard; name = Base; path = Base.lproj/LaunchScreen.storyboard; sourceTree = "<group>"; };
		047D76E128C6980100729FF7 /* Info.plist */ = {isa = PBXFileReference; lastKnownFileType = text.plist.xml; path = Info.plist; sourceTree = "<group>"; };
		047D76E728C69BF900729FF7 /* HomeViewController.swift */ = {isa = PBXFileReference; lastKnownFileType = sourcecode.swift; path = HomeViewController.swift; sourceTree = "<group>"; };
		0484373828F0D085007C2614 /* TennisBetViewController.swift */ = {isa = PBXFileReference; lastKnownFileType = sourcecode.swift; path = TennisBetViewController.swift; sourceTree = "<group>"; };
		04852EA128CA5C7700731DC1 /* NotesViewController.swift */ = {isa = PBXFileReference; lastKnownFileType = sourcecode.swift; path = NotesViewController.swift; sourceTree = "<group>"; };
		048D769828CA33E800FF1914 /* BetViewController.swift */ = {isa = PBXFileReference; lastKnownFileType = sourcecode.swift; path = BetViewController.swift; sourceTree = "<group>"; };
		04967D8128EE33D700E1B2EF /* NewsTennisViewController.swift */ = {isa = PBXFileReference; lastKnownFileType = sourcecode.swift; path = NewsTennisViewController.swift; sourceTree = "<group>"; };
		04967D8328EE367900E1B2EF /* CompositionalLayoutE.swift */ = {isa = PBXFileReference; lastKnownFileType = sourcecode.swift; path = CompositionalLayoutE.swift; sourceTree = "<group>"; };
		04967D8528EE3D9D00E1B2EF /* CompositionalLayout.swift */ = {isa = PBXFileReference; lastKnownFileType = sourcecode.swift; path = CompositionalLayout.swift; sourceTree = "<group>"; };
		04A14CC528EF7E7300032F08 /* TennisDetailViewController.swift */ = {isa = PBXFileReference; lastKnownFileType = sourcecode.swift; path = TennisDetailViewController.swift; sourceTree = "<group>"; };
		04A14CC728EF867D00032F08 /* TennisMatchViewController.swift */ = {isa = PBXFileReference; lastKnownFileType = sourcecode.swift; path = TennisMatchViewController.swift; sourceTree = "<group>"; };
		04BC384128C7FB3F000EA3FD /* BetsVC.swift */ = {isa = PBXFileReference; lastKnownFileType = sourcecode.swift; path = BetsVC.swift; sourceTree = "<group>"; };
		04D171F028CA90E9006FE092 /* StaticsViewController.swift */ = {isa = PBXFileReference; lastKnownFileType = sourcecode.swift; path = StaticsViewController.swift; sourceTree = "<group>"; };
		51FE5A7E3490B88806B0D2C2 /* Pods-womenhockey.release.xcconfig */ = {isa = PBXFileReference; includeInIndex = 1; lastKnownFileType = text.xcconfig; name = "Pods-womenhockey.release.xcconfig"; path = "Target Support Files/Pods-womenhockey/Pods-womenhockey.release.xcconfig"; sourceTree = "<group>"; };
		56287C698CB3890301CE70EE /* Pods-womenhockey.debug.xcconfig */ = {isa = PBXFileReference; includeInIndex = 1; lastKnownFileType = text.xcconfig; name = "Pods-womenhockey.debug.xcconfig"; path = "Target Support Files/Pods-womenhockey/Pods-womenhockey.debug.xcconfig"; sourceTree = "<group>"; };
		B700E42021B0097DC86C46AD /* Pods_womenhockey.framework */ = {isa = PBXFileReference; explicitFileType = wrapper.framework; includeInIndex = 0; path = Pods_womenhockey.framework; sourceTree = BUILT_PRODUCTS_DIR; };
		F83F161628CCF3F3005653F1 /* Configuration.swift */ = {isa = PBXFileReference; fileEncoding = 4; lastKnownFileType = sourcecode.swift; path = Configuration.swift; sourceTree = "<group>"; };
		F845BF9F28CE149500B2AAEC /* Home.swift */ = {isa = PBXFileReference; lastKnownFileType = sourcecode.swift; path = Home.swift; sourceTree = "<group>"; };
		F845BFA228CE1A5C00B2AAEC /* HomeCollectionViewCell.swift */ = {isa = PBXFileReference; lastKnownFileType = sourcecode.swift; path = HomeCollectionViewCell.swift; sourceTree = "<group>"; };
		F845BFA428CE1C8800B2AAEC /* SideMenuVC.swift */ = {isa = PBXFileReference; lastKnownFileType = sourcecode.swift; path = SideMenuVC.swift; sourceTree = "<group>"; };
		F845BFA828CE201100B2AAEC /* HistoryTableViewCell.swift */ = {isa = PBXFileReference; lastKnownFileType = sourcecode.swift; path = HistoryTableViewCell.swift; sourceTree = "<group>"; };
		F8BE54C428CF956D00B74806 /* CalendarViewController.swift */ = {isa = PBXFileReference; lastKnownFileType = sourcecode.swift; path = CalendarViewController.swift; sourceTree = "<group>"; };
		F8BE54C628CFC47200B74806 /* MyBetMainVC.swift */ = {isa = PBXFileReference; lastKnownFileType = sourcecode.swift; path = MyBetMainVC.swift; sourceTree = "<group>"; };
		F8BE54C828CFC55000B74806 /* MyBetsViewController.swift */ = {isa = PBXFileReference; lastKnownFileType = sourcecode.swift; path = MyBetsViewController.swift; sourceTree = "<group>"; };
		F8E02BE128CE6022005F03DA /* NotesCell.swift */ = {isa = PBXFileReference; lastKnownFileType = sourcecode.swift; path = NotesCell.swift; sourceTree = "<group>"; };
		F8E02BE528CE857E005F03DA /* NewsTableViewCell.swift */ = {isa = PBXFileReference; lastKnownFileType = sourcecode.swift; path = NewsTableViewCell.swift; sourceTree = "<group>"; };
		F8E02BE828CE8AEB005F03DA /* LLPIXEL3.ttf */ = {isa = PBXFileReference; lastKnownFileType = file; path = LLPIXEL3.ttf; sourceTree = "<group>"; };
		F8E02BE928CE8AEB005F03DA /* GameViewController.swift */ = {isa = PBXFileReference; fileEncoding = 4; lastKnownFileType = sourcecode.swift; path = GameViewController.swift; sourceTree = "<group>"; };
		F8E02BEA28CE8AEB005F03DA /* GameScene.swift */ = {isa = PBXFileReference; fileEncoding = 4; lastKnownFileType = sourcecode.swift; path = GameScene.swift; sourceTree = "<group>"; };
		F8E02BEB28CE8AEB005F03DA /* Actions.sks */ = {isa = PBXFileReference; lastKnownFileType = file.sks; path = Actions.sks; sourceTree = "<group>"; };
		F8E02BEC28CE8AEB005F03DA /* GameScene.sks */ = {isa = PBXFileReference; lastKnownFileType = file.sks; path = GameScene.sks; sourceTree = "<group>"; };
/* End PBXFileReference section */

/* Begin PBXFrameworksBuildPhase section */
		047D76CD28C697FF00729FF7 /* Frameworks */ = {
			isa = PBXFrameworksBuildPhase;
			buildActionMask = 2147483647;
			files = (
				4E4261CB23806566C25C471C /* Pods_womenhockey.framework in Frameworks */,
			);
			runOnlyForDeploymentPostprocessing = 0;
		};
/* End PBXFrameworksBuildPhase section */

/* Begin PBXGroup section */
		047D76C728C697FF00729FF7 = {
			isa = PBXGroup;
			children = (
				047D76D228C697FF00729FF7 /* womenhockey */,
				047D76D128C697FF00729FF7 /* Products */,
				18BBD92EA0682CACB1ECD961 /* Pods */,
				23275258DCA6A73CD98C44A5 /* Frameworks */,
			);
			sourceTree = "<group>";
		};
		047D76D128C697FF00729FF7 /* Products */ = {
			isa = PBXGroup;
			children = (
				047D76D028C697FF00729FF7 /* womenhockey.app */,
			);
			name = Products;
			sourceTree = "<group>";
		};
		047D76D228C697FF00729FF7 /* womenhockey */ = {
			isa = PBXGroup;
			children = (
				04B55F2F28C9478400392A0F /* Extensions */,
				04B55F2E28C9477B00392A0F /* Model */,
				04B55F2D28C9475D00392A0F /* Controllers */,
				04B55F3028C9479300392A0F /* Views */,
				047D76D328C697FF00729FF7 /* AppDelegate.swift */,
				047D76D528C697FF00729FF7 /* SceneDelegate.swift */,
				047D76DC28C6980100729FF7 /* Assets.xcassets */,
				047D76E128C6980100729FF7 /* Info.plist */,
			);
			path = womenhockey;
			sourceTree = "<group>";
		};
		04B55F2D28C9475D00392A0F /* Controllers */ = {
			isa = PBXGroup;
			children = (
				F8E02BE728CE8AD0005F03DA /* Game */,
				F845BFA128CE1A4500B2AAEC /* Cells */,
				047D76E728C69BF900729FF7 /* HomeViewController.swift */,
				04BC384128C7FB3F000EA3FD /* BetsVC.swift */,
				047D76D728C697FF00729FF7 /* HistoryViewController.swift */,
				048D769828CA33E800FF1914 /* BetViewController.swift */,
				040CEDC228CA41DA0056D787 /* NewsViewController.swift */,
				040CEDC428CA45B40056D787 /* NewsDatailViewController.swift */,
				04852EA128CA5C7700731DC1 /* NotesViewController.swift */,
				04D171F028CA90E9006FE092 /* StaticsViewController.swift */,
				F845BFA428CE1C8800B2AAEC /* SideMenuVC.swift */,
				F8BE54C428CF956D00B74806 /* CalendarViewController.swift */,
				F8BE54C628CFC47200B74806 /* MyBetMainVC.swift */,
				F8BE54C828CFC55000B74806 /* MyBetsViewController.swift */,
				04967D8128EE33D700E1B2EF /* NewsTennisViewController.swift */,
				04A14CC528EF7E7300032F08 /* TennisDetailViewController.swift */,
				04A14CC728EF867D00032F08 /* TennisMatchViewController.swift */,
				0402DE1D28EF8F1B0087075B /* HistoryTennisViewController.swift */,
				0484373828F0D085007C2614 /* TennisBetViewController.swift */,
			);
			path = Controllers;
			sourceTree = "<group>";
		};
		04B55F2E28C9477B00392A0F /* Model */ = {
			isa = PBXGroup;
			children = (
				F845BF9F28CE149500B2AAEC /* Home.swift */,
			);
			path = Model;
			sourceTree = "<group>";
		};
		04B55F2F28C9478400392A0F /* Extensions */ = {
			isa = PBXGroup;
			children = (
				F83F161628CCF3F3005653F1 /* Configuration.swift */,
				04967D8328EE367900E1B2EF /* CompositionalLayoutE.swift */,
				04967D8528EE3D9D00E1B2EF /* CompositionalLayout.swift */,
			);
			path = Extensions;
			sourceTree = "<group>";
		};
		04B55F3028C9479300392A0F /* Views */ = {
			isa = PBXGroup;
			children = (
				047D76DE28C6980100729FF7 /* LaunchScreen.storyboard */,
				047D76D928C697FF00729FF7 /* Main.storyboard */,
			);
			path = Views;
			sourceTree = "<group>";
		};
		18BBD92EA0682CACB1ECD961 /* Pods */ = {
			isa = PBXGroup;
			children = (
				56287C698CB3890301CE70EE /* Pods-womenhockey.debug.xcconfig */,
				51FE5A7E3490B88806B0D2C2 /* Pods-womenhockey.release.xcconfig */,
			);
			path = Pods;
			sourceTree = "<group>";
		};
		23275258DCA6A73CD98C44A5 /* Frameworks */ = {
			isa = PBXGroup;
			children = (
				B700E42021B0097DC86C46AD /* Pods_womenhockey.framework */,
			);
			name = Frameworks;
			sourceTree = "<group>";
		};
		F845BFA128CE1A4500B2AAEC /* Cells */ = {
			isa = PBXGroup;
			children = (
				F845BFA228CE1A5C00B2AAEC /* HomeCollectionViewCell.swift */,
				F845BFA828CE201100B2AAEC /* HistoryTableViewCell.swift */,
				F8E02BE128CE6022005F03DA /* NotesCell.swift */,
				F8E02BE528CE857E005F03DA /* NewsTableViewCell.swift */,
			);
			path = Cells;
			sourceTree = "<group>";
		};
		F8E02BE728CE8AD0005F03DA /* Game */ = {
			isa = PBXGroup;
			children = (
				F8E02BEB28CE8AEB005F03DA /* Actions.sks */,
				F8E02BEC28CE8AEB005F03DA /* GameScene.sks */,
				F8E02BEA28CE8AEB005F03DA /* GameScene.swift */,
				F8E02BE928CE8AEB005F03DA /* GameViewController.swift */,
				F8E02BE828CE8AEB005F03DA /* LLPIXEL3.ttf */,
			);
			path = Game;
			sourceTree = "<group>";
		};
/* End PBXGroup section */

/* Begin PBXNativeTarget section */
		047D76CF28C697FF00729FF7 /* womenhockey */ = {
			isa = PBXNativeTarget;
			buildConfigurationList = 047D76E428C6980100729FF7 /* Build configuration list for PBXNativeTarget "womenhockey" */;
			buildPhases = (
				396BB7AF7BFE6943B7520DDD /* [CP] Check Pods Manifest.lock */,
				047D76CC28C697FF00729FF7 /* Sources */,
				047D76CD28C697FF00729FF7 /* Frameworks */,
				047D76CE28C697FF00729FF7 /* Resources */,
				2A825295F72B200360245E0F /* [CP] Embed Pods Frameworks */,
			);
			buildRules = (
			);
			dependencies = (
			);
			name = womenhockey;
			productName = womenhockey;
			productReference = 047D76D028C697FF00729FF7 /* womenhockey.app */;
			productType = "com.apple.product-type.application";
		};
/* End PBXNativeTarget section */

/* Begin PBXProject section */
		047D76C828C697FF00729FF7 /* Project object */ = {
			isa = PBXProject;
			attributes = {
				BuildIndependentTargetsInParallel = 1;
				LastSwiftUpdateCheck = 1400;
				LastUpgradeCheck = 1400;
				TargetAttributes = {
					047D76CF28C697FF00729FF7 = {
						CreatedOnToolsVersion = 14.0;
					};
				};
			};
			buildConfigurationList = 047D76CB28C697FF00729FF7 /* Build configuration list for PBXProject "womenhockey" */;
			compatibilityVersion = "Xcode 13.0";
			developmentRegion = en;
			hasScannedForEncodings = 0;
			knownRegions = (
				en,
				Base,
			);
			mainGroup = 047D76C728C697FF00729FF7;
			productRefGroup = 047D76D128C697FF00729FF7 /* Products */;
			projectDirPath = "";
			projectRoot = "";
			targets = (
				047D76CF28C697FF00729FF7 /* womenhockey */,
			);
		};
/* End PBXProject section */

/* Begin PBXResourcesBuildPhase section */
		047D76CE28C697FF00729FF7 /* Resources */ = {
			isa = PBXResourcesBuildPhase;
			buildActionMask = 2147483647;
			files = (
				047D76E028C6980100729FF7 /* LaunchScreen.storyboard in Resources */,
				F8E02BED28CE8AEB005F03DA /* LLPIXEL3.ttf in Resources */,
				047D76DD28C6980100729FF7 /* Assets.xcassets in Resources */,
				047D76DB28C697FF00729FF7 /* Main.storyboard in Resources */,
				F8E02BF128CE8AEB005F03DA /* GameScene.sks in Resources */,
				F8E02BF028CE8AEB005F03DA /* Actions.sks in Resources */,
			);
			runOnlyForDeploymentPostprocessing = 0;
		};
/* End PBXResourcesBuildPhase section */

/* Begin PBXShellScriptBuildPhase section */
		2A825295F72B200360245E0F /* [CP] Embed Pods Frameworks */ = {
			isa = PBXShellScriptBuildPhase;
			buildActionMask = 2147483647;
			files = (
			);
			inputFileListPaths = (
				"${PODS_ROOT}/Target Support Files/Pods-womenhockey/Pods-womenhockey-frameworks-${CONFIGURATION}-input-files.xcfilelist",
			);
			name = "[CP] Embed Pods Frameworks";
			outputFileListPaths = (
				"${PODS_ROOT}/Target Support Files/Pods-womenhockey/Pods-womenhockey-frameworks-${CONFIGURATION}-output-files.xcfilelist",
			);
			runOnlyForDeploymentPostprocessing = 0;
			shellPath = /bin/sh;
			shellScript = "\"${PODS_ROOT}/Target Support Files/Pods-womenhockey/Pods-womenhockey-frameworks.sh\"\n";
			showEnvVarsInLog = 0;
		};
		396BB7AF7BFE6943B7520DDD /* [CP] Check Pods Manifest.lock */ = {
			isa = PBXShellScriptBuildPhase;
			buildActionMask = 2147483647;
			files = (
			);
			inputFileListPaths = (
			);
			inputPaths = (
				"${PODS_PODFILE_DIR_PATH}/Podfile.lock",
				"${PODS_ROOT}/Manifest.lock",
			);
			name = "[CP] Check Pods Manifest.lock";
			outputFileListPaths = (
			);
			outputPaths = (
				"$(DERIVED_FILE_DIR)/Pods-womenhockey-checkManifestLockResult.txt",
			);
			runOnlyForDeploymentPostprocessing = 0;
			shellPath = /bin/sh;
			shellScript = "diff \"${PODS_PODFILE_DIR_PATH}/Podfile.lock\" \"${PODS_ROOT}/Manifest.lock\" > /dev/null\nif [ $? != 0 ] ; then\n    # print error to STDERR\n    echo \"error: The sandbox is not in sync with the Podfile.lock. Run 'pod install' or update your CocoaPods installation.\" >&2\n    exit 1\nfi\n# This output is used by Xcode 'outputs' to avoid re-running this script phase.\necho \"SUCCESS\" > \"${SCRIPT_OUTPUT_FILE_0}\"\n";
			showEnvVarsInLog = 0;
		};
/* End PBXShellScriptBuildPhase section */

/* Begin PBXSourcesBuildPhase section */
		047D76CC28C697FF00729FF7 /* Sources */ = {
			isa = PBXSourcesBuildPhase;
			buildActionMask = 2147483647;
			files = (
				F8BE54C528CF956D00B74806 /* CalendarViewController.swift in Sources */,
				04967D8428EE367900E1B2EF /* CompositionalLayoutE.swift in Sources */,
				047D76D828C697FF00729FF7 /* HistoryViewController.swift in Sources */,
				F8BE54C928CFC55000B74806 /* MyBetsViewController.swift in Sources */,
				F8BE54C728CFC47200B74806 /* MyBetMainVC.swift in Sources */,
				04A14CC828EF867D00032F08 /* TennisMatchViewController.swift in Sources */,
				04967D8628EE3D9D00E1B2EF /* CompositionalLayout.swift in Sources */,
				F8E02BEF28CE8AEB005F03DA /* GameScene.swift in Sources */,
				047D76D428C697FF00729FF7 /* AppDelegate.swift in Sources */,
				048D769928CA33E800FF1914 /* BetViewController.swift in Sources */,
				F8E02BE228CE6022005F03DA /* NotesCell.swift in Sources */,
				F8E02BEE28CE8AEB005F03DA /* GameViewController.swift in Sources */,
				047D76D628C697FF00729FF7 /* SceneDelegate.swift in Sources */,
				040CEDC528CA45B40056D787 /* NewsDatailViewController.swift in Sources */,
				F845BFA528CE1C8800B2AAEC /* SideMenuVC.swift in Sources */,
				F845BFA328CE1A5C00B2AAEC /* HomeCollectionViewCell.swift in Sources */,
				0484373928F0D085007C2614 /* TennisBetViewController.swift in Sources */,
				04852EA228CA5C7700731DC1 /* NotesViewController.swift in Sources */,
				04D171F128CA90E9006FE092 /* StaticsViewController.swift in Sources */,
				F845BFA928CE201100B2AAEC /* HistoryTableViewCell.swift in Sources */,
				04A14CC628EF7E7300032F08 /* TennisDetailViewController.swift in Sources */,
				040CEDC328CA41DA0056D787 /* NewsViewController.swift in Sources */,
				04BC384228C7FB3F000EA3FD /* BetsVC.swift in Sources */,
				04967D8228EE33D700E1B2EF /* NewsTennisViewController.swift in Sources */,
				047D76E828C69BF900729FF7 /* HomeViewController.swift in Sources */,
				F8E02BE628CE857E005F03DA /* NewsTableViewCell.swift in Sources */,
				F845BFA028CE149500B2AAEC /* Home.swift in Sources */,
				0402DE1E28EF8F1B0087075B /* HistoryTennisViewController.swift in Sources */,
				F83F161728CCF3F3005653F1 /* Configuration.swift in Sources */,
			);
			runOnlyForDeploymentPostprocessing = 0;
		};
/* End PBXSourcesBuildPhase section */

/* Begin PBXVariantGroup section */
		047D76D928C697FF00729FF7 /* Main.storyboard */ = {
			isa = PBXVariantGroup;
			children = (
				047D76DA28C697FF00729FF7 /* Base */,
			);
			name = Main.storyboard;
			sourceTree = "<group>";
		};
		047D76DE28C6980100729FF7 /* LaunchScreen.storyboard */ = {
			isa = PBXVariantGroup;
			children = (
				047D76DF28C6980100729FF7 /* Base */,
			);
			name = LaunchScreen.storyboard;
			sourceTree = "<group>";
		};
/* End PBXVariantGroup section */

/* Begin XCBuildConfiguration section */
		047D76E228C6980100729FF7 /* Debug */ = {
			isa = XCBuildConfiguration;
			buildSettings = {
				ALWAYS_SEARCH_USER_PATHS = NO;
				CLANG_ANALYZER_NONNULL = YES;
				CLANG_ANALYZER_NUMBER_OBJECT_CONVERSION = YES_AGGRESSIVE;
				CLANG_CXX_LANGUAGE_STANDARD = "gnu++20";
				CLANG_ENABLE_MODULES = YES;
				CLANG_ENABLE_OBJC_ARC = YES;
				CLANG_ENABLE_OBJC_WEAK = YES;
				CLANG_WARN_BLOCK_CAPTURE_AUTORELEASING = YES;
				CLANG_WARN_BOOL_CONVERSION = YES;
				CLANG_WARN_COMMA = YES;
				CLANG_WARN_CONSTANT_CONVERSION = YES;
				CLANG_WARN_DEPRECATED_OBJC_IMPLEMENTATIONS = YES;
				CLANG_WARN_DIRECT_OBJC_ISA_USAGE = YES_ERROR;
				CLANG_WARN_DOCUMENTATION_COMMENTS = YES;
				CLANG_WARN_EMPTY_BODY = YES;
				CLANG_WARN_ENUM_CONVERSION = YES;
				CLANG_WARN_INFINITE_RECURSION = YES;
				CLANG_WARN_INT_CONVERSION = YES;
				CLANG_WARN_NON_LITERAL_NULL_CONVERSION = YES;
				CLANG_WARN_OBJC_IMPLICIT_RETAIN_SELF = YES;
				CLANG_WARN_OBJC_LITERAL_CONVERSION = YES;
				CLANG_WARN_OBJC_ROOT_CLASS = YES_ERROR;
				CLANG_WARN_QUOTED_INCLUDE_IN_FRAMEWORK_HEADER = YES;
				CLANG_WARN_RANGE_LOOP_ANALYSIS = YES;
				CLANG_WARN_STRICT_PROTOTYPES = YES;
				CLANG_WARN_SUSPICIOUS_MOVE = YES;
				CLANG_WARN_UNGUARDED_AVAILABILITY = YES_AGGRESSIVE;
				CLANG_WARN_UNREACHABLE_CODE = YES;
				CLANG_WARN__DUPLICATE_METHOD_MATCH = YES;
				COPY_PHASE_STRIP = NO;
				DEBUG_INFORMATION_FORMAT = dwarf;
				ENABLE_STRICT_OBJC_MSGSEND = YES;
				ENABLE_TESTABILITY = YES;
				GCC_C_LANGUAGE_STANDARD = gnu11;
				GCC_DYNAMIC_NO_PIC = NO;
				GCC_NO_COMMON_BLOCKS = YES;
				GCC_OPTIMIZATION_LEVEL = 0;
				GCC_PREPROCESSOR_DEFINITIONS = (
					"DEBUG=1",
					"$(inherited)",
				);
				GCC_WARN_64_TO_32_BIT_CONVERSION = YES;
				GCC_WARN_ABOUT_RETURN_TYPE = YES_ERROR;
				GCC_WARN_UNDECLARED_SELECTOR = YES;
				GCC_WARN_UNINITIALIZED_AUTOS = YES_AGGRESSIVE;
				GCC_WARN_UNUSED_FUNCTION = YES;
				GCC_WARN_UNUSED_VARIABLE = YES;
				IPHONEOS_DEPLOYMENT_TARGET = 14.0;
				MTL_ENABLE_DEBUG_INFO = INCLUDE_SOURCE;
				MTL_FAST_MATH = YES;
				ONLY_ACTIVE_ARCH = YES;
				SDKROOT = iphoneos;
				SWIFT_ACTIVE_COMPILATION_CONDITIONS = DEBUG;
				SWIFT_OPTIMIZATION_LEVEL = "-Onone";
			};
			name = Debug;
		};
		047D76E328C6980100729FF7 /* Release */ = {
			isa = XCBuildConfiguration;
			buildSettings = {
				ALWAYS_SEARCH_USER_PATHS = NO;
				CLANG_ANALYZER_NONNULL = YES;
				CLANG_ANALYZER_NUMBER_OBJECT_CONVERSION = YES_AGGRESSIVE;
				CLANG_CXX_LANGUAGE_STANDARD = "gnu++20";
				CLANG_ENABLE_MODULES = YES;
				CLANG_ENABLE_OBJC_ARC = YES;
				CLANG_ENABLE_OBJC_WEAK = YES;
				CLANG_WARN_BLOCK_CAPTURE_AUTORELEASING = YES;
				CLANG_WARN_BOOL_CONVERSION = YES;
				CLANG_WARN_COMMA = YES;
				CLANG_WARN_CONSTANT_CONVERSION = YES;
				CLANG_WARN_DEPRECATED_OBJC_IMPLEMENTATIONS = YES;
				CLANG_WARN_DIRECT_OBJC_ISA_USAGE = YES_ERROR;
				CLANG_WARN_DOCUMENTATION_COMMENTS = YES;
				CLANG_WARN_EMPTY_BODY = YES;
				CLANG_WARN_ENUM_CONVERSION = YES;
				CLANG_WARN_INFINITE_RECURSION = YES;
				CLANG_WARN_INT_CONVERSION = YES;
				CLANG_WARN_NON_LITERAL_NULL_CONVERSION = YES;
				CLANG_WARN_OBJC_IMPLICIT_RETAIN_SELF = YES;
				CLANG_WARN_OBJC_LITERAL_CONVERSION = YES;
				CLANG_WARN_OBJC_ROOT_CLASS = YES_ERROR;
				CLANG_WARN_QUOTED_INCLUDE_IN_FRAMEWORK_HEADER = YES;
				CLANG_WARN_RANGE_LOOP_ANALYSIS = YES;
				CLANG_WARN_STRICT_PROTOTYPES = YES;
				CLANG_WARN_SUSPICIOUS_MOVE = YES;
				CLANG_WARN_UNGUARDED_AVAILABILITY = YES_AGGRESSIVE;
				CLANG_WARN_UNREACHABLE_CODE = YES;
				CLANG_WARN__DUPLICATE_METHOD_MATCH = YES;
				COPY_PHASE_STRIP = NO;
				DEBUG_INFORMATION_FORMAT = "dwarf-with-dsym";
				ENABLE_NS_ASSERTIONS = NO;
				ENABLE_STRICT_OBJC_MSGSEND = YES;
				GCC_C_LANGUAGE_STANDARD = gnu11;
				GCC_NO_COMMON_BLOCKS = YES;
				GCC_WARN_64_TO_32_BIT_CONVERSION = YES;
				GCC_WARN_ABOUT_RETURN_TYPE = YES_ERROR;
				GCC_WARN_UNDECLARED_SELECTOR = YES;
				GCC_WARN_UNINITIALIZED_AUTOS = YES_AGGRESSIVE;
				GCC_WARN_UNUSED_FUNCTION = YES;
				GCC_WARN_UNUSED_VARIABLE = YES;
				IPHONEOS_DEPLOYMENT_TARGET = 14.0;
				MTL_ENABLE_DEBUG_INFO = NO;
				MTL_FAST_MATH = YES;
				SDKROOT = iphoneos;
				SWIFT_COMPILATION_MODE = wholemodule;
				SWIFT_OPTIMIZATION_LEVEL = "-O";
				VALIDATE_PRODUCT = YES;
			};
			name = Release;
		};
		047D76E528C6980100729FF7 /* Debug */ = {
			isa = XCBuildConfiguration;
			baseConfigurationReference = 56287C698CB3890301CE70EE /* Pods-womenhockey.debug.xcconfig */;
			buildSettings = {
				ASSETCATALOG_COMPILER_APPICON_NAME = AppIcon;
				ASSETCATALOG_COMPILER_GLOBAL_ACCENT_COLOR_NAME = AccentColor;
				CODE_SIGN_STYLE = Automatic;
				CURRENT_PROJECT_VERSION = 1;
				GENERATE_INFOPLIST_FILE = YES;
				INFOPLIST_FILE = womenhockey/Info.plist;
				INFOPLIST_KEY_CFBundleDisplayName = "Women hockey Info";
				INFOPLIST_KEY_UIApplicationSupportsIndirectInputEvents = YES;
				INFOPLIST_KEY_UILaunchStoryboardName = LaunchScreen;
				INFOPLIST_KEY_UIMainStoryboardFile = Main;
				INFOPLIST_KEY_UISupportedInterfaceOrientations_iPad = "UIInterfaceOrientationPortrait UIInterfaceOrientationPortraitUpsideDown UIInterfaceOrientationLandscapeLeft UIInterfaceOrientationLandscapeRight";
				INFOPLIST_KEY_UISupportedInterfaceOrientations_iPhone = "UIInterfaceOrientationPortrait UIInterfaceOrientationLandscapeLeft UIInterfaceOrientationLandscapeRight";
				IPHONEOS_DEPLOYMENT_TARGET = 14.0;
				LD_RUNPATH_SEARCH_PATHS = (
					"$(inherited)",
					"@executable_path/Frameworks",
				);
				MARKETING_VERSION = 1.0;
				PRODUCT_BUNDLE_IDENTIFIER = com.WomenHockeyInfo11;
				PRODUCT_NAME = "$(TARGET_NAME)";
				SWIFT_EMIT_LOC_STRINGS = YES;
				SWIFT_VERSION = 5.0;
				TARGETED_DEVICE_FAMILY = 1;
			};
			name = Debug;
		};
		047D76E628C6980100729FF7 /* Release */ = {
			isa = XCBuildConfiguration;
			baseConfigurationReference = 51FE5A7E3490B88806B0D2C2 /* Pods-womenhockey.release.xcconfig */;
			buildSettings = {
				ASSETCATALOG_COMPILER_APPICON_NAME = AppIcon;
				ASSETCATALOG_COMPILER_GLOBAL_ACCENT_COLOR_NAME = AccentColor;
				CODE_SIGN_STYLE = Automatic;
				CURRENT_PROJECT_VERSION = 1;
				GENERATE_INFOPLIST_FILE = YES;
				INFOPLIST_FILE = womenhockey/Info.plist;
				INFOPLIST_KEY_CFBundleDisplayName = "Women hockey Info";
				INFOPLIST_KEY_UIApplicationSupportsIndirectInputEvents = YES;
				INFOPLIST_KEY_UILaunchStoryboardName = LaunchScreen;
				INFOPLIST_KEY_UIMainStoryboardFile = Main;
				INFOPLIST_KEY_UISupportedInterfaceOrientations_iPad = "UIInterfaceOrientationPortrait UIInterfaceOrientationPortraitUpsideDown UIInterfaceOrientationLandscapeLeft UIInterfaceOrientationLandscapeRight";
				INFOPLIST_KEY_UISupportedInterfaceOrientations_iPhone = "UIInterfaceOrientationPortrait UIInterfaceOrientationLandscapeLeft UIInterfaceOrientationLandscapeRight";
				IPHONEOS_DEPLOYMENT_TARGET = 14.0;
				LD_RUNPATH_SEARCH_PATHS = (
					"$(inherited)",
					"@executable_path/Frameworks",
				);
				MARKETING_VERSION = 1.0;
				PRODUCT_BUNDLE_IDENTIFIER = com.WomenHockeyInfo11;
				PRODUCT_NAME = "$(TARGET_NAME)";
				SWIFT_EMIT_LOC_STRINGS = YES;
				SWIFT_VERSION = 5.0;
				TARGETED_DEVICE_FAMILY = 1;
			};
			name = Release;
		};
/* End XCBuildConfiguration section */

/* Begin XCConfigurationList section */
		047D76CB28C697FF00729FF7 /* Build configuration list for PBXProject "womenhockey" */ = {
			isa = XCConfigurationList;
			buildConfigurations = (
				047D76E228C6980100729FF7 /* Debug */,
				047D76E328C6980100729FF7 /* Release */,
			);
			defaultConfigurationIsVisible = 0;
			defaultConfigurationName = Release;
		};
		047D76E428C6980100729FF7 /* Build configuration list for PBXNativeTarget "womenhockey" */ = {
			isa = XCConfigurationList;
			buildConfigurations = (
				047D76E528C6980100729FF7 /* Debug */,
				047D76E628C6980100729FF7 /* Release */,
			);
			defaultConfigurationIsVisible = 0;
			defaultConfigurationName = Release;
		};
/* End XCConfigurationList section */
	};
	rootObject = 047D76C828C697FF00729FF7 /* Project object */;
}
